// !$*UTF8*$!
{
	archiveVersion = 1;
	classes = {
	};
	objectVersion = 50;
	objects = {

/* Begin PBXBuildFile section */
		31015B3925C9E426006D843D /* ICDDataBridge.swift in Sources */ = {isa = PBXBuildFile; fileRef = 31015B3825C9E426006D843D /* ICDDataBridge.swift */; };
		310996E425D6448800E0C123 /* ActFormView.swift in Sources */ = {isa = PBXBuildFile; fileRef = 310996E325D6448800E0C123 /* ActFormView.swift */; };
		310996E525D6448800E0C123 /* ActFormView.swift in Sources */ = {isa = PBXBuildFile; fileRef = 310996E325D6448800E0C123 /* ActFormView.swift */; };
		310A873325D01C4700437522 /* ActiveSheet.swift in Sources */ = {isa = PBXBuildFile; fileRef = 310A873225D01C4700437522 /* ActiveSheet.swift */; };
		310A873425D01C4700437522 /* ActiveSheet.swift in Sources */ = {isa = PBXBuildFile; fileRef = 310A873225D01C4700437522 /* ActiveSheet.swift */; };
		3118EFC225C59993002B3711 /* PatientFormView.swift in Sources */ = {isa = PBXBuildFile; fileRef = 3118EFC125C59993002B3711 /* PatientFormView.swift */; };
		3118EFC325C59993002B3711 /* PatientFormView.swift in Sources */ = {isa = PBXBuildFile; fileRef = 3118EFC125C59993002B3711 /* PatientFormView.swift */; };
		3118EFEA25C5E398002B3711 /* WorklistNavigatorView.swift in Sources */ = {isa = PBXBuildFile; fileRef = 3118EFE925C5E398002B3711 /* WorklistNavigatorView.swift */; };
		3118EFEB25C5E398002B3711 /* WorklistNavigatorView.swift in Sources */ = {isa = PBXBuildFile; fileRef = 3118EFE925C5E398002B3711 /* WorklistNavigatorView.swift */; };
		3118EFF125C5E88F002B3711 /* ListFormView.swift in Sources */ = {isa = PBXBuildFile; fileRef = 3118EFF025C5E88F002B3711 /* ListFormView.swift */; };
		3118EFF225C5E88F002B3711 /* ListFormView.swift in Sources */ = {isa = PBXBuildFile; fileRef = 3118EFF025C5E88F002B3711 /* ListFormView.swift */; };
		3118EFFC25C60311002B3711 /* WorklistView.swift in Sources */ = {isa = PBXBuildFile; fileRef = 3118EFFB25C60311002B3711 /* WorklistView.swift */; };
		3118EFFD25C60311002B3711 /* WorklistView.swift in Sources */ = {isa = PBXBuildFile; fileRef = 3118EFFB25C60311002B3711 /* WorklistView.swift */; };
		3118F00325C608BD002B3711 /* PatientRowView.swift in Sources */ = {isa = PBXBuildFile; fileRef = 3118F00225C608BD002B3711 /* PatientRowView.swift */; };
		3118F00425C608BD002B3711 /* PatientRowView.swift in Sources */ = {isa = PBXBuildFile; fileRef = 3118F00225C608BD002B3711 /* PatientRowView.swift */; };
		3118F01425C615F1002B3711 /* ListRow.swift in Sources */ = {isa = PBXBuildFile; fileRef = 3118F01325C615F1002B3711 /* ListRow.swift */; };
		3118F01525C615F1002B3711 /* ListRow.swift in Sources */ = {isa = PBXBuildFile; fileRef = 3118F01325C615F1002B3711 /* ListRow.swift */; };
		311C861625C6E1860021E596 /* AddPatientToListView.swift in Sources */ = {isa = PBXBuildFile; fileRef = 311C861525C6E1860021E596 /* AddPatientToListView.swift */; };
		311C861725C6E1860021E596 /* AddPatientToListView.swift in Sources */ = {isa = PBXBuildFile; fileRef = 311C861525C6E1860021E596 /* AddPatientToListView.swift */; };
		311C861D25C6E9F20021E596 /* PatientRowAddView.swift in Sources */ = {isa = PBXBuildFile; fileRef = 311C861C25C6E9F20021E596 /* PatientRowAddView.swift */; };
		311C861E25C6E9F20021E596 /* PatientRowAddView.swift in Sources */ = {isa = PBXBuildFile; fileRef = 311C861C25C6E9F20021E596 /* PatientRowAddView.swift */; };
		311C862425C6F94A0021E596 /* SearchBar.swift in Sources */ = {isa = PBXBuildFile; fileRef = 311C862325C6F94A0021E596 /* SearchBar.swift */; };
		311CA84725C5774800E4513A /* Tests_iOS.swift in Sources */ = {isa = PBXBuildFile; fileRef = 311CA84625C5774800E4513A /* Tests_iOS.swift */; };
		311CA85225C5774900E4513A /* Tests_macOS.swift in Sources */ = {isa = PBXBuildFile; fileRef = 311CA85125C5774900E4513A /* Tests_macOS.swift */; };
		311CA85425C5774900E4513A /* Kreboot.xcdatamodeld in Sources */ = {isa = PBXBuildFile; fileRef = 311CA82825C5774700E4513A /* Kreboot.xcdatamodeld */; };
		311CA85525C5774900E4513A /* Kreboot.xcdatamodeld in Sources */ = {isa = PBXBuildFile; fileRef = 311CA82825C5774700E4513A /* Kreboot.xcdatamodeld */; };
		311CA85625C5774900E4513A /* KrebootApp.swift in Sources */ = {isa = PBXBuildFile; fileRef = 311CA82A25C5774700E4513A /* KrebootApp.swift */; };
		311CA85725C5774900E4513A /* KrebootApp.swift in Sources */ = {isa = PBXBuildFile; fileRef = 311CA82A25C5774700E4513A /* KrebootApp.swift */; };
		311CA85825C5774900E4513A /* PatientsDBView.swift in Sources */ = {isa = PBXBuildFile; fileRef = 311CA82B25C5774700E4513A /* PatientsDBView.swift */; };
		311CA85925C5774900E4513A /* PatientsDBView.swift in Sources */ = {isa = PBXBuildFile; fileRef = 311CA82B25C5774700E4513A /* PatientsDBView.swift */; };
		311CA85A25C5774900E4513A /* Persistence.swift in Sources */ = {isa = PBXBuildFile; fileRef = 311CA82C25C5774700E4513A /* Persistence.swift */; };
		311CA85B25C5774900E4513A /* Persistence.swift in Sources */ = {isa = PBXBuildFile; fileRef = 311CA82C25C5774700E4513A /* Persistence.swift */; };
		311CA85C25C5774900E4513A /* Assets.xcassets in Resources */ = {isa = PBXBuildFile; fileRef = 311CA82D25C5774800E4513A /* Assets.xcassets */; };
		311CA85D25C5774900E4513A /* Assets.xcassets in Resources */ = {isa = PBXBuildFile; fileRef = 311CA82D25C5774800E4513A /* Assets.xcassets */; };
		3129D75D25D55B18000EAA5C /* TestView1.swift in Sources */ = {isa = PBXBuildFile; fileRef = 3129D75C25D55B18000EAA5C /* TestView1.swift */; };
		3146970225D79A8000CEEDFD /* TrlnClsrBadge.swift in Sources */ = {isa = PBXBuildFile; fileRef = 3146970125D79A8000CEEDFD /* TrlnClsrBadge.swift */; };
		3146970825D79B2C00CEEDFD /* CheckmarkToggleStyle.swift in Sources */ = {isa = PBXBuildFile; fileRef = 3146970725D79B2C00CEEDFD /* CheckmarkToggleStyle.swift */; };
		3146971225D7A00100CEEDFD /* EmptyWorklistView.swift in Sources */ = {isa = PBXBuildFile; fileRef = 3146971125D7A00100CEEDFD /* EmptyWorklistView.swift */; };
		3146971825D7A18D00CEEDFD /* Custom colors.swift in Sources */ = {isa = PBXBuildFile; fileRef = 3146971725D7A18C00CEEDFD /* Custom colors.swift */; };
		3146972A25D8C17B00CEEDFD /* MedicalEpisodeRow.swift in Sources */ = {isa = PBXBuildFile; fileRef = 3146972925D8C17B00CEEDFD /* MedicalEpisodeRow.swift */; };
		3146972B25D8C17B00CEEDFD /* MedicalEpisodeRow.swift in Sources */ = {isa = PBXBuildFile; fileRef = 3146972925D8C17B00CEEDFD /* MedicalEpisodeRow.swift */; };
		3149200C25CB136B002D873C /* HelperFunctions.swift in Sources */ = {isa = PBXBuildFile; fileRef = 3149200B25CB136B002D873C /* HelperFunctions.swift */; };
		3149201625CDDEAC002D873C /* Button modifiers.swift in Sources */ = {isa = PBXBuildFile; fileRef = 3149201225CDDEAC002D873C /* Button modifiers.swift */; };
		3149201725CDDEAC002D873C /* Settings.swift in Sources */ = {isa = PBXBuildFile; fileRef = 3149201325CDDEAC002D873C /* Settings.swift */; };
		3149201825CDDEAC002D873C /* ICDSettings.swift in Sources */ = {isa = PBXBuildFile; fileRef = 3149201425CDDEAC002D873C /* ICDSettings.swift */; };
		3149201925CDDEAC002D873C /* Karla Protocols.swift in Sources */ = {isa = PBXBuildFile; fileRef = 3149201525CDDEAC002D873C /* Karla Protocols.swift */; };
		314C9A7E25C7720800E5B9FE /* PatientRow2.swift in Sources */ = {isa = PBXBuildFile; fileRef = 314C9A7D25C7720800E5B9FE /* PatientRow2.swift */; };
		314C9A7F25C7720800E5B9FE /* PatientRow2.swift in Sources */ = {isa = PBXBuildFile; fileRef = 314C9A7D25C7720800E5B9FE /* PatientRow2.swift */; };
		31548B8B25C71A6F00097F2F /* ListFilterEnum.swift in Sources */ = {isa = PBXBuildFile; fileRef = 31548B8A25C71A6F00097F2F /* ListFilterEnum.swift */; };
		31548B8C25C71A6F00097F2F /* ListFilterEnum.swift in Sources */ = {isa = PBXBuildFile; fileRef = 31548B8A25C71A6F00097F2F /* ListFilterEnum.swift */; };
		31548B9225C71E9A00097F2F /* CoreDataProvider.swift in Sources */ = {isa = PBXBuildFile; fileRef = 31548B9125C71E9A00097F2F /* CoreDataProvider.swift */; };
		3154A32825C8F2C600E20978 /* ICDdbTable2.swift in Sources */ = {isa = PBXBuildFile; fileRef = 3154A32725C8F2C600E20978 /* ICDdbTable2.swift */; };
		3154A32E25C8F34400E20978 /* ICD10Code.swift in Sources */ = {isa = PBXBuildFile; fileRef = 3154A32D25C8F34400E20978 /* ICD10Code.swift */; };
		3154A33425C8F44200E20978 /* ICDError.swift in Sources */ = {isa = PBXBuildFile; fileRef = 3154A33325C8F44200E20978 /* ICDError.swift */; };
		3154A33A25C902D100E20978 /* ICDProvider0.swift in Sources */ = {isa = PBXBuildFile; fileRef = 3154A33925C902D100E20978 /* ICDProvider0.swift */; };
		3154A34425C95BD000E20978 /* ICDProvider2.swift in Sources */ = {isa = PBXBuildFile; fileRef = 3154A34325C95BD000E20978 /* ICDProvider2.swift */; };
		3154A35125C9DB4000E20978 /* icd10_codes.json in Resources */ = {isa = PBXBuildFile; fileRef = 3154A35025C9DB4000E20978 /* icd10_codes.json */; };
		3154A35825C9DB7F00E20978 /* ICDdbTable3.swift in Sources */ = {isa = PBXBuildFile; fileRef = 3154A35625C9DB7F00E20978 /* ICDdbTable3.swift */; };
		3154A35925C9DB7F00E20978 /* ICDProvider3.swift in Sources */ = {isa = PBXBuildFile; fileRef = 3154A35725C9DB7F00E20978 /* ICDProvider3.swift */; };
		315E5A5925C754D8005DB2A9 /* AnalyticsView.swift in Sources */ = {isa = PBXBuildFile; fileRef = 315E5A5825C754D8005DB2A9 /* AnalyticsView.swift */; };
		315E5A5A25C754D8005DB2A9 /* AnalyticsView.swift in Sources */ = {isa = PBXBuildFile; fileRef = 315E5A5825C754D8005DB2A9 /* AnalyticsView.swift */; };
		315E5A6425C754E0005DB2A9 /* BillingView.swift in Sources */ = {isa = PBXBuildFile; fileRef = 315E5A6325C754E0005DB2A9 /* BillingView.swift */; };
		315E5A6525C754E0005DB2A9 /* BillingView.swift in Sources */ = {isa = PBXBuildFile; fileRef = 315E5A6325C754E0005DB2A9 /* BillingView.swift */; };
		31643EBD25D622680009BF9C /* PopupView.swift in Sources */ = {isa = PBXBuildFile; fileRef = 31643EBC25D622680009BF9C /* PopupView.swift */; };
		31643EC325D63A360009BF9C /* RoomChangeView.swift in Sources */ = {isa = PBXBuildFile; fileRef = 31643EC225D63A360009BF9C /* RoomChangeView.swift */; };
		3169012725D8CDE700B6403A /* ICDListView.swift in Sources */ = {isa = PBXBuildFile; fileRef = 3180F08025D0909600837FA2 /* ICDListView.swift */; };
		3169014425D8DCCB00B6403A /* MedicalActRow.swift in Sources */ = {isa = PBXBuildFile; fileRef = 3169014325D8DCCB00B6403A /* MedicalActRow.swift */; };
		3169014525D8DCCB00B6403A /* MedicalActRow.swift in Sources */ = {isa = PBXBuildFile; fileRef = 3169014325D8DCCB00B6403A /* MedicalActRow.swift */; };
		3169014F25D8F74200B6403A /* MedicalEpisodeFilterEnum.swift in Sources */ = {isa = PBXBuildFile; fileRef = 3169014E25D8F74200B6403A /* MedicalEpisodeFilterEnum.swift */; };
		3169015025D8F74200B6403A /* MedicalEpisodeFilterEnum.swift in Sources */ = {isa = PBXBuildFile; fileRef = 3169014E25D8F74200B6403A /* MedicalEpisodeFilterEnum.swift */; };
		3173664425D97B5300237668 /* NSPredicate+KeyPath+Operators.swift in Sources */ = {isa = PBXBuildFile; fileRef = 3173664325D97B5300237668 /* NSPredicate+KeyPath+Operators.swift */; };
		3173664525D97B5300237668 /* NSPredicate+KeyPath+Operators.swift in Sources */ = {isa = PBXBuildFile; fileRef = 3173664325D97B5300237668 /* NSPredicate+KeyPath+Operators.swift */; };
		317CEA3E25D4157700393AD6 /* ListFormViewModel.swift in Sources */ = {isa = PBXBuildFile; fileRef = 317CEA3D25D4157700393AD6 /* ListFormViewModel.swift */; };
		317CEA3F25D4157700393AD6 /* ListFormViewModel.swift in Sources */ = {isa = PBXBuildFile; fileRef = 317CEA3D25D4157700393AD6 /* ListFormViewModel.swift */; };
		3180F08125D0909600837FA2 /* ICDListView.swift in Sources */ = {isa = PBXBuildFile; fileRef = 3180F08025D0909600837FA2 /* ICDListView.swift */; };
		318E27EA25D1388F002BE6CB /* CardsFilterEnum.swift in Sources */ = {isa = PBXBuildFile; fileRef = 318E27E925D1388F002BE6CB /* CardsFilterEnum.swift */; };
		318E27EB25D1388F002BE6CB /* CardsFilterEnum.swift in Sources */ = {isa = PBXBuildFile; fileRef = 318E27E925D1388F002BE6CB /* CardsFilterEnum.swift */; };
		3196B5C725CE2740006A3E72 /* DataTab.swift in Sources */ = {isa = PBXBuildFile; fileRef = 3196B5C625CE2740006A3E72 /* DataTab.swift */; };
		3196B5D125CEE7F4006A3E72 /* README in Resources */ = {isa = PBXBuildFile; fileRef = 3196B5D025CEE7F4006A3E72 /* README */; };
		3196B5D225CEE7F4006A3E72 /* README in Resources */ = {isa = PBXBuildFile; fileRef = 3196B5D025CEE7F4006A3E72 /* README */; };
		6A05183825CDF36100527AF1 /* UIEmptyState.swift in Sources */ = {isa = PBXBuildFile; fileRef = 6A05183725CDF36100527AF1 /* UIEmptyState.swift */; };
		6A51F71125D74E040060AE35 /* CoreDataProvider.swift in Sources */ = {isa = PBXBuildFile; fileRef = 31548B9125C71E9A00097F2F /* CoreDataProvider.swift */; };
		6A51F71B25D770650060AE35 /* PatientFormViewModel.swift in Sources */ = {isa = PBXBuildFile; fileRef = 6A51F71A25D770650060AE35 /* PatientFormViewModel.swift */; };
		6A51F71C25D770650060AE35 /* PatientFormViewModel.swift in Sources */ = {isa = PBXBuildFile; fileRef = 6A51F71A25D770650060AE35 /* PatientFormViewModel.swift */; };
		6A51F72A25D8825A0060AE35 /* VerticalLabel.swift in Sources */ = {isa = PBXBuildFile; fileRef = 6A51F72925D8825A0060AE35 /* VerticalLabel.swift */; };
		6A51F73C25D883A70060AE35 /* Karla Preexisting values.swift in Sources */ = {isa = PBXBuildFile; fileRef = 6A51F73B25D883A70060AE35 /* Karla Preexisting values.swift */; };
		6A51F74225D883EF0060AE35 /* ScrollChoice.swift in Sources */ = {isa = PBXBuildFile; fileRef = 6A51F74125D883EF0060AE35 /* ScrollChoice.swift */; };
		6A51F74825D884330060AE35 /* Extensions customs.swift in Sources */ = {isa = PBXBuildFile; fileRef = 6A51F74725D884330060AE35 /* Extensions customs.swift */; };
		6A51F74E25D884510060AE35 /* Models Extension.swift in Sources */ = {isa = PBXBuildFile; fileRef = 6A51F74D25D884510060AE35 /* Models Extension.swift */; };
		6A54659325D9CE6D00AC55A0 /* BoolNegation.swift in Sources */ = {isa = PBXBuildFile; fileRef = 6A54659225D9CE6D00AC55A0 /* BoolNegation.swift */; };
		6A54659425D9CE6D00AC55A0 /* BoolNegation.swift in Sources */ = {isa = PBXBuildFile; fileRef = 6A54659225D9CE6D00AC55A0 /* BoolNegation.swift */; };
		6A54659A25D9CEA300AC55A0 /* DiagnosisSearchView.swift in Sources */ = {isa = PBXBuildFile; fileRef = 6A54659925D9CEA300AC55A0 /* DiagnosisSearchView.swift */; };
		6A54659B25D9CEA300AC55A0 /* DiagnosisSearchView.swift in Sources */ = {isa = PBXBuildFile; fileRef = 6A54659925D9CEA300AC55A0 /* DiagnosisSearchView.swift */; };
		6A66E52625D9CC9F00C09D47 /* DiagnosisSearchViewModel.swift in Sources */ = {isa = PBXBuildFile; fileRef = 6A66E52525D9CC9F00C09D47 /* DiagnosisSearchViewModel.swift */; };
		6A66E52725D9CC9F00C09D47 /* DiagnosisSearchViewModel.swift in Sources */ = {isa = PBXBuildFile; fileRef = 6A66E52525D9CC9F00C09D47 /* DiagnosisSearchViewModel.swift */; };
		6A7177FB25D73D5300C29CE9 /* WorklistViewModel.swift in Sources */ = {isa = PBXBuildFile; fileRef = 6A7177FA25D73D5300C29CE9 /* WorklistViewModel.swift */; };
		6A7177FC25D73D5300C29CE9 /* WorklistViewModel.swift in Sources */ = {isa = PBXBuildFile; fileRef = 6A7177FA25D73D5300C29CE9 /* WorklistViewModel.swift */; };
		6AAAF5FB25D9D7AD00B77FDB /* ICDSettingsFooter.swift in Sources */ = {isa = PBXBuildFile; fileRef = 6AAAF5FA25D9D7AD00B77FDB /* ICDSettingsFooter.swift */; };
		6AD71C4625D88B0200840B6B /* WorklistHeaderView.swift in Sources */ = {isa = PBXBuildFile; fileRef = 6AD71C4525D88B0200840B6B /* WorklistHeaderView.swift */; };
		6AD71C4725D88B0200840B6B /* WorklistHeaderView.swift in Sources */ = {isa = PBXBuildFile; fileRef = 6AD71C4525D88B0200840B6B /* WorklistHeaderView.swift */; };
		6AD71C4D25D88B6400840B6B /* WorklistActionButtons.swift in Sources */ = {isa = PBXBuildFile; fileRef = 6AD71C4C25D88B6400840B6B /* WorklistActionButtons.swift */; };
		6AD71C4E25D88B6400840B6B /* WorklistActionButtons.swift in Sources */ = {isa = PBXBuildFile; fileRef = 6AD71C4C25D88B6400840B6B /* WorklistActionButtons.swift */; };
/* End PBXBuildFile section */

/* Begin PBXContainerItemProxy section */
		311CA84325C5774800E4513A /* PBXContainerItemProxy */ = {
			isa = PBXContainerItemProxy;
			containerPortal = 311CA82325C5774700E4513A /* Project object */;
			proxyType = 1;
			remoteGlobalIDString = 311CA83125C5774800E4513A;
			remoteInfo = "Kreboot (iOS)";
		};
		311CA84E25C5774800E4513A /* PBXContainerItemProxy */ = {
			isa = PBXContainerItemProxy;
			containerPortal = 311CA82325C5774700E4513A /* Project object */;
			proxyType = 1;
			remoteGlobalIDString = 311CA83925C5774800E4513A;
			remoteInfo = "Kreboot (macOS)";
		};
/* End PBXContainerItemProxy section */

/* Begin PBXFileReference section */
		31015B3825C9E426006D843D /* ICDDataBridge.swift */ = {isa = PBXFileReference; lastKnownFileType = sourcecode.swift; path = ICDDataBridge.swift; sourceTree = "<group>"; };
		310996E325D6448800E0C123 /* ActFormView.swift */ = {isa = PBXFileReference; lastKnownFileType = sourcecode.swift; path = ActFormView.swift; sourceTree = "<group>"; };
		310A873225D01C4700437522 /* ActiveSheet.swift */ = {isa = PBXFileReference; lastKnownFileType = sourcecode.swift; path = ActiveSheet.swift; sourceTree = "<group>"; };
		3118EFC125C59993002B3711 /* PatientFormView.swift */ = {isa = PBXFileReference; lastKnownFileType = sourcecode.swift; path = PatientFormView.swift; sourceTree = "<group>"; };
		3118EFE925C5E398002B3711 /* WorklistNavigatorView.swift */ = {isa = PBXFileReference; lastKnownFileType = sourcecode.swift; path = WorklistNavigatorView.swift; sourceTree = "<group>"; };
		3118EFF025C5E88F002B3711 /* ListFormView.swift */ = {isa = PBXFileReference; lastKnownFileType = sourcecode.swift; path = ListFormView.swift; sourceTree = "<group>"; };
		3118EFFB25C60311002B3711 /* WorklistView.swift */ = {isa = PBXFileReference; lastKnownFileType = sourcecode.swift; path = WorklistView.swift; sourceTree = "<group>"; };
		3118F00225C608BD002B3711 /* PatientRowView.swift */ = {isa = PBXFileReference; lastKnownFileType = sourcecode.swift; path = PatientRowView.swift; sourceTree = "<group>"; };
		3118F01325C615F1002B3711 /* ListRow.swift */ = {isa = PBXFileReference; lastKnownFileType = sourcecode.swift; path = ListRow.swift; sourceTree = "<group>"; };
		311C861525C6E1860021E596 /* AddPatientToListView.swift */ = {isa = PBXFileReference; lastKnownFileType = sourcecode.swift; path = AddPatientToListView.swift; sourceTree = "<group>"; };
		311C861C25C6E9F20021E596 /* PatientRowAddView.swift */ = {isa = PBXFileReference; lastKnownFileType = sourcecode.swift; path = PatientRowAddView.swift; sourceTree = "<group>"; };
		311C862325C6F94A0021E596 /* SearchBar.swift */ = {isa = PBXFileReference; lastKnownFileType = sourcecode.swift; path = SearchBar.swift; sourceTree = "<group>"; };
		311CA82925C5774700E4513A /* Shared.xcdatamodel */ = {isa = PBXFileReference; lastKnownFileType = wrapper.xcdatamodel; path = Shared.xcdatamodel; sourceTree = "<group>"; };
		311CA82A25C5774700E4513A /* KrebootApp.swift */ = {isa = PBXFileReference; lastKnownFileType = sourcecode.swift; path = KrebootApp.swift; sourceTree = "<group>"; };
		311CA82B25C5774700E4513A /* PatientsDBView.swift */ = {isa = PBXFileReference; lastKnownFileType = sourcecode.swift; path = PatientsDBView.swift; sourceTree = "<group>"; };
		311CA82C25C5774700E4513A /* Persistence.swift */ = {isa = PBXFileReference; lastKnownFileType = sourcecode.swift; path = Persistence.swift; sourceTree = "<group>"; };
		311CA82D25C5774800E4513A /* Assets.xcassets */ = {isa = PBXFileReference; lastKnownFileType = folder.assetcatalog; path = Assets.xcassets; sourceTree = "<group>"; };
		311CA83225C5774800E4513A /* Kreboot.app */ = {isa = PBXFileReference; explicitFileType = wrapper.application; includeInIndex = 0; path = Kreboot.app; sourceTree = BUILT_PRODUCTS_DIR; };
		311CA83525C5774800E4513A /* Info.plist */ = {isa = PBXFileReference; lastKnownFileType = text.plist.xml; path = Info.plist; sourceTree = "<group>"; };
		311CA83A25C5774800E4513A /* Kreboot.app */ = {isa = PBXFileReference; explicitFileType = wrapper.application; includeInIndex = 0; path = Kreboot.app; sourceTree = BUILT_PRODUCTS_DIR; };
		311CA83C25C5774800E4513A /* Info.plist */ = {isa = PBXFileReference; lastKnownFileType = text.plist.xml; path = Info.plist; sourceTree = "<group>"; };
		311CA83D25C5774800E4513A /* macOS.entitlements */ = {isa = PBXFileReference; lastKnownFileType = text.plist.entitlements; path = macOS.entitlements; sourceTree = "<group>"; };
		311CA84225C5774800E4513A /* Tests iOS.xctest */ = {isa = PBXFileReference; explicitFileType = wrapper.cfbundle; includeInIndex = 0; path = "Tests iOS.xctest"; sourceTree = BUILT_PRODUCTS_DIR; };
		311CA84625C5774800E4513A /* Tests_iOS.swift */ = {isa = PBXFileReference; lastKnownFileType = sourcecode.swift; path = Tests_iOS.swift; sourceTree = "<group>"; };
		311CA84825C5774800E4513A /* Info.plist */ = {isa = PBXFileReference; lastKnownFileType = text.plist.xml; path = Info.plist; sourceTree = "<group>"; };
		311CA84D25C5774800E4513A /* Tests macOS.xctest */ = {isa = PBXFileReference; explicitFileType = wrapper.cfbundle; includeInIndex = 0; path = "Tests macOS.xctest"; sourceTree = BUILT_PRODUCTS_DIR; };
		311CA85125C5774900E4513A /* Tests_macOS.swift */ = {isa = PBXFileReference; lastKnownFileType = sourcecode.swift; path = Tests_macOS.swift; sourceTree = "<group>"; };
		311CA85325C5774900E4513A /* Info.plist */ = {isa = PBXFileReference; lastKnownFileType = text.plist.xml; path = Info.plist; sourceTree = "<group>"; };
		3129D75C25D55B18000EAA5C /* TestView1.swift */ = {isa = PBXFileReference; lastKnownFileType = sourcecode.swift; path = TestView1.swift; sourceTree = "<group>"; };
		3146970125D79A8000CEEDFD /* TrlnClsrBadge.swift */ = {isa = PBXFileReference; lastKnownFileType = sourcecode.swift; path = TrlnClsrBadge.swift; sourceTree = "<group>"; };
		3146970725D79B2C00CEEDFD /* CheckmarkToggleStyle.swift */ = {isa = PBXFileReference; lastKnownFileType = sourcecode.swift; path = CheckmarkToggleStyle.swift; sourceTree = "<group>"; };
		3146971125D7A00100CEEDFD /* EmptyWorklistView.swift */ = {isa = PBXFileReference; lastKnownFileType = sourcecode.swift; path = EmptyWorklistView.swift; sourceTree = "<group>"; };
		3146971725D7A18C00CEEDFD /* Custom colors.swift */ = {isa = PBXFileReference; lastKnownFileType = sourcecode.swift; path = "Custom colors.swift"; sourceTree = "<group>"; };
		3146972925D8C17B00CEEDFD /* MedicalEpisodeRow.swift */ = {isa = PBXFileReference; lastKnownFileType = sourcecode.swift; path = MedicalEpisodeRow.swift; sourceTree = "<group>"; };
		3149200B25CB136B002D873C /* HelperFunctions.swift */ = {isa = PBXFileReference; lastKnownFileType = sourcecode.swift; path = HelperFunctions.swift; sourceTree = "<group>"; };
		3149201225CDDEAC002D873C /* Button modifiers.swift */ = {isa = PBXFileReference; fileEncoding = 4; lastKnownFileType = sourcecode.swift; path = "Button modifiers.swift"; sourceTree = "<group>"; };
		3149201325CDDEAC002D873C /* Settings.swift */ = {isa = PBXFileReference; fileEncoding = 4; lastKnownFileType = sourcecode.swift; path = Settings.swift; sourceTree = "<group>"; };
		3149201425CDDEAC002D873C /* ICDSettings.swift */ = {isa = PBXFileReference; fileEncoding = 4; lastKnownFileType = sourcecode.swift; path = ICDSettings.swift; sourceTree = "<group>"; };
		3149201525CDDEAC002D873C /* Karla Protocols.swift */ = {isa = PBXFileReference; fileEncoding = 4; lastKnownFileType = sourcecode.swift; path = "Karla Protocols.swift"; sourceTree = "<group>"; };
		314C9A7D25C7720800E5B9FE /* PatientRow2.swift */ = {isa = PBXFileReference; lastKnownFileType = sourcecode.swift; path = PatientRow2.swift; sourceTree = "<group>"; };
		31548B8A25C71A6F00097F2F /* ListFilterEnum.swift */ = {isa = PBXFileReference; lastKnownFileType = sourcecode.swift; path = ListFilterEnum.swift; sourceTree = "<group>"; };
		31548B9125C71E9A00097F2F /* CoreDataProvider.swift */ = {isa = PBXFileReference; fileEncoding = 4; lastKnownFileType = sourcecode.swift; path = CoreDataProvider.swift; sourceTree = "<group>"; };
		3154A32725C8F2C600E20978 /* ICDdbTable2.swift */ = {isa = PBXFileReference; lastKnownFileType = sourcecode.swift; path = ICDdbTable2.swift; sourceTree = "<group>"; };
		3154A32D25C8F34400E20978 /* ICD10Code.swift */ = {isa = PBXFileReference; lastKnownFileType = sourcecode.swift; path = ICD10Code.swift; sourceTree = "<group>"; };
		3154A33325C8F44200E20978 /* ICDError.swift */ = {isa = PBXFileReference; lastKnownFileType = sourcecode.swift; path = ICDError.swift; sourceTree = "<group>"; };
		3154A33925C902D100E20978 /* ICDProvider0.swift */ = {isa = PBXFileReference; lastKnownFileType = sourcecode.swift; path = ICDProvider0.swift; sourceTree = "<group>"; };
		3154A34325C95BD000E20978 /* ICDProvider2.swift */ = {isa = PBXFileReference; lastKnownFileType = sourcecode.swift; path = ICDProvider2.swift; sourceTree = "<group>"; };
		3154A35025C9DB4000E20978 /* icd10_codes.json */ = {isa = PBXFileReference; fileEncoding = 4; lastKnownFileType = text.json; path = icd10_codes.json; sourceTree = "<group>"; };
		3154A35625C9DB7F00E20978 /* ICDdbTable3.swift */ = {isa = PBXFileReference; fileEncoding = 4; lastKnownFileType = sourcecode.swift; path = ICDdbTable3.swift; sourceTree = "<group>"; };
		3154A35725C9DB7F00E20978 /* ICDProvider3.swift */ = {isa = PBXFileReference; fileEncoding = 4; lastKnownFileType = sourcecode.swift; path = ICDProvider3.swift; sourceTree = "<group>"; };
		315E5A5825C754D8005DB2A9 /* AnalyticsView.swift */ = {isa = PBXFileReference; lastKnownFileType = sourcecode.swift; path = AnalyticsView.swift; sourceTree = "<group>"; };
		315E5A6325C754E0005DB2A9 /* BillingView.swift */ = {isa = PBXFileReference; lastKnownFileType = sourcecode.swift; path = BillingView.swift; sourceTree = "<group>"; };
		31643EBC25D622680009BF9C /* PopupView.swift */ = {isa = PBXFileReference; fileEncoding = 4; lastKnownFileType = sourcecode.swift; path = PopupView.swift; sourceTree = "<group>"; };
		31643EC225D63A360009BF9C /* RoomChangeView.swift */ = {isa = PBXFileReference; lastKnownFileType = sourcecode.swift; path = RoomChangeView.swift; sourceTree = "<group>"; };
		3169014325D8DCCB00B6403A /* MedicalActRow.swift */ = {isa = PBXFileReference; lastKnownFileType = sourcecode.swift; path = MedicalActRow.swift; sourceTree = "<group>"; };
		3169014E25D8F74200B6403A /* MedicalEpisodeFilterEnum.swift */ = {isa = PBXFileReference; lastKnownFileType = sourcecode.swift; path = MedicalEpisodeFilterEnum.swift; sourceTree = "<group>"; };
		3173664325D97B5300237668 /* NSPredicate+KeyPath+Operators.swift */ = {isa = PBXFileReference; fileEncoding = 4; lastKnownFileType = sourcecode.swift; path = "NSPredicate+KeyPath+Operators.swift"; sourceTree = "<group>"; };
		317CEA3D25D4157700393AD6 /* ListFormViewModel.swift */ = {isa = PBXFileReference; lastKnownFileType = sourcecode.swift; path = ListFormViewModel.swift; sourceTree = "<group>"; };
		3180F08025D0909600837FA2 /* ICDListView.swift */ = {isa = PBXFileReference; lastKnownFileType = sourcecode.swift; path = ICDListView.swift; sourceTree = "<group>"; };
		318E27E925D1388F002BE6CB /* CardsFilterEnum.swift */ = {isa = PBXFileReference; lastKnownFileType = sourcecode.swift; path = CardsFilterEnum.swift; sourceTree = "<group>"; };
		3196B5C625CE2740006A3E72 /* DataTab.swift */ = {isa = PBXFileReference; lastKnownFileType = sourcecode.swift; path = DataTab.swift; sourceTree = "<group>"; };
		3196B5D025CEE7F4006A3E72 /* README */ = {isa = PBXFileReference; lastKnownFileType = text; path = README; sourceTree = "<group>"; };
		6A05183725CDF36100527AF1 /* UIEmptyState.swift */ = {isa = PBXFileReference; lastKnownFileType = sourcecode.swift; path = UIEmptyState.swift; sourceTree = "<group>"; };
		6A51F71A25D770650060AE35 /* PatientFormViewModel.swift */ = {isa = PBXFileReference; lastKnownFileType = sourcecode.swift; path = PatientFormViewModel.swift; sourceTree = "<group>"; };
		6A51F72925D8825A0060AE35 /* VerticalLabel.swift */ = {isa = PBXFileReference; lastKnownFileType = sourcecode.swift; path = VerticalLabel.swift; sourceTree = "<group>"; };
		6A51F73B25D883A70060AE35 /* Karla Preexisting values.swift */ = {isa = PBXFileReference; lastKnownFileType = sourcecode.swift; path = "Karla Preexisting values.swift"; sourceTree = "<group>"; };
		6A51F74125D883EF0060AE35 /* ScrollChoice.swift */ = {isa = PBXFileReference; lastKnownFileType = sourcecode.swift; path = ScrollChoice.swift; sourceTree = "<group>"; };
		6A51F74725D884330060AE35 /* Extensions customs.swift */ = {isa = PBXFileReference; lastKnownFileType = sourcecode.swift; path = "Extensions customs.swift"; sourceTree = "<group>"; };
		6A51F74D25D884510060AE35 /* Models Extension.swift */ = {isa = PBXFileReference; lastKnownFileType = sourcecode.swift; path = "Models Extension.swift"; sourceTree = "<group>"; };
		6A54659225D9CE6D00AC55A0 /* BoolNegation.swift */ = {isa = PBXFileReference; lastKnownFileType = sourcecode.swift; path = BoolNegation.swift; sourceTree = "<group>"; };
		6A54659925D9CEA300AC55A0 /* DiagnosisSearchView.swift */ = {isa = PBXFileReference; lastKnownFileType = sourcecode.swift; path = DiagnosisSearchView.swift; sourceTree = "<group>"; };
		6A66E52525D9CC9F00C09D47 /* DiagnosisSearchViewModel.swift */ = {isa = PBXFileReference; lastKnownFileType = sourcecode.swift; path = DiagnosisSearchViewModel.swift; sourceTree = "<group>"; };
		6A7177FA25D73D5300C29CE9 /* WorklistViewModel.swift */ = {isa = PBXFileReference; lastKnownFileType = sourcecode.swift; path = WorklistViewModel.swift; sourceTree = "<group>"; };
		6AAAF5FA25D9D7AD00B77FDB /* ICDSettingsFooter.swift */ = {isa = PBXFileReference; lastKnownFileType = sourcecode.swift; path = ICDSettingsFooter.swift; sourceTree = "<group>"; };
		6AD71C4525D88B0200840B6B /* WorklistHeaderView.swift */ = {isa = PBXFileReference; lastKnownFileType = sourcecode.swift; path = WorklistHeaderView.swift; sourceTree = "<group>"; };
		6AD71C4C25D88B6400840B6B /* WorklistActionButtons.swift */ = {isa = PBXFileReference; lastKnownFileType = sourcecode.swift; path = WorklistActionButtons.swift; sourceTree = "<group>"; };
/* End PBXFileReference section */

/* Begin PBXFrameworksBuildPhase section */
		311CA82F25C5774800E4513A /* Frameworks */ = {
			isa = PBXFrameworksBuildPhase;
			buildActionMask = 2147483647;
			files = (
			);
			runOnlyForDeploymentPostprocessing = 0;
		};
		311CA83725C5774800E4513A /* Frameworks */ = {
			isa = PBXFrameworksBuildPhase;
			buildActionMask = 2147483647;
			files = (
			);
			runOnlyForDeploymentPostprocessing = 0;
		};
		311CA83F25C5774800E4513A /* Frameworks */ = {
			isa = PBXFrameworksBuildPhase;
			buildActionMask = 2147483647;
			files = (
			);
			runOnlyForDeploymentPostprocessing = 0;
		};
		311CA84A25C5774800E4513A /* Frameworks */ = {
			isa = PBXFrameworksBuildPhase;
			buildActionMask = 2147483647;
			files = (
			);
			runOnlyForDeploymentPostprocessing = 0;
		};
/* End PBXFrameworksBuildPhase section */

/* Begin PBXGroup section */
		311CA82225C5774700E4513A = {
			isa = PBXGroup;
			children = (
				311CA82725C5774700E4513A /* Shared */,
				311CA83425C5774800E4513A /* iOS */,
				311CA83B25C5774800E4513A /* macOS */,
				311CA84525C5774800E4513A /* Tests iOS */,
				311CA85025C5774900E4513A /* Tests macOS */,
				311CA83325C5774800E4513A /* Products */,
			);
			sourceTree = "<group>";
		};
		311CA82725C5774700E4513A /* Shared */ = {
			isa = PBXGroup;
			children = (
				3196B5D025CEE7F4006A3E72 /* README */,
				311CA82825C5774700E4513A /* Kreboot.xcdatamodeld */,
				311CA82A25C5774700E4513A /* KrebootApp.swift */,
				311CA82C25C5774700E4513A /* Persistence.swift */,
				3160B47625D4C056002BED92 /* Models */,
				317CEA4425D4BF4B00393AD6 /* View Models */,
				317CEA4525D4BF5400393AD6 /* Views */,
				3129D75525D55518000EAA5C /* Custom View & Modifiers */,
				3175138E25D9921500C2B8CB /* JSON on disk DB */,
				3154A32625C8F2A400E20978 /* ICDImport  and view */,
				6A5465A025D9D03A00AC55A0 /* To Trash */,
				311CA82D25C5774800E4513A /* Assets.xcassets */,
			);
			path = Shared;
			sourceTree = "<group>";
		};
		311CA83325C5774800E4513A /* Products */ = {
			isa = PBXGroup;
			children = (
				311CA83225C5774800E4513A /* Kreboot.app */,
				311CA83A25C5774800E4513A /* Kreboot.app */,
				311CA84225C5774800E4513A /* Tests iOS.xctest */,
				311CA84D25C5774800E4513A /* Tests macOS.xctest */,
			);
			name = Products;
			sourceTree = "<group>";
		};
		311CA83425C5774800E4513A /* iOS */ = {
			isa = PBXGroup;
			children = (
				311CA83525C5774800E4513A /* Info.plist */,
			);
			path = iOS;
			sourceTree = "<group>";
		};
		311CA83B25C5774800E4513A /* macOS */ = {
			isa = PBXGroup;
			children = (
				311CA83C25C5774800E4513A /* Info.plist */,
				311CA83D25C5774800E4513A /* macOS.entitlements */,
			);
			path = macOS;
			sourceTree = "<group>";
		};
		311CA84525C5774800E4513A /* Tests iOS */ = {
			isa = PBXGroup;
			children = (
				311CA84625C5774800E4513A /* Tests_iOS.swift */,
				311CA84825C5774800E4513A /* Info.plist */,
			);
			path = "Tests iOS";
			sourceTree = "<group>";
		};
		311CA85025C5774900E4513A /* Tests macOS */ = {
			isa = PBXGroup;
			children = (
				311CA85125C5774900E4513A /* Tests_macOS.swift */,
				311CA85325C5774900E4513A /* Info.plist */,
			);
			path = "Tests macOS";
			sourceTree = "<group>";
		};
		3129D75525D55518000EAA5C /* Custom View & Modifiers */ = {
			isa = PBXGroup;
			children = (
				6A51F74725D884330060AE35 /* Extensions customs.swift */,
				6A51F73B25D883A70060AE35 /* Karla Preexisting values.swift */,
				3146971725D7A18C00CEEDFD /* Custom colors.swift */,
				6A51F72925D8825A0060AE35 /* VerticalLabel.swift */,
				6A51F74125D883EF0060AE35 /* ScrollChoice.swift */,
				311C862325C6F94A0021E596 /* SearchBar.swift */,
				3149201225CDDEAC002D873C /* Button modifiers.swift */,
				31643EBC25D622680009BF9C /* PopupView.swift */,
				3146970725D79B2C00CEEDFD /* CheckmarkToggleStyle.swift */,
				3146970125D79A8000CEEDFD /* TrlnClsrBadge.swift */,
				3129D75C25D55B18000EAA5C /* TestView1.swift */,
			);
			path = "Custom View & Modifiers";
			sourceTree = "<group>";
		};
		3154A32625C8F2A400E20978 /* ICDImport  and view */ = {
			isa = PBXGroup;
			children = (
				3149201425CDDEAC002D873C /* ICDSettings.swift */,
				3154A35625C9DB7F00E20978 /* ICDdbTable3.swift */,
				3154A35725C9DB7F00E20978 /* ICDProvider3.swift */,
				3149200B25CB136B002D873C /* HelperFunctions.swift */,
				31015B3825C9E426006D843D /* ICDDataBridge.swift */,
				3154A32D25C8F34400E20978 /* ICD10Code.swift */,
				3154A36E25C9E07200E20978 /* OldV */,
			);
			path = "ICDImport  and view";
			sourceTree = "<group>";
		};
		3154A36E25C9E07200E20978 /* OldV */ = {
			isa = PBXGroup;
			children = (
				3154A32725C8F2C600E20978 /* ICDdbTable2.swift */,
				3154A34325C95BD000E20978 /* ICDProvider2.swift */,
				3154A33925C902D100E20978 /* ICDProvider0.swift */,
			);
			path = OldV;
			sourceTree = "<group>";
		};
		3160B47625D4C056002BED92 /* Models */ = {
			isa = PBXGroup;
			children = (
				6A54659225D9CE6D00AC55A0 /* BoolNegation.swift */,
				3149201525CDDEAC002D873C /* Karla Protocols.swift */,
				3173664325D97B5300237668 /* NSPredicate+KeyPath+Operators.swift */,
				6A51F74D25D884510060AE35 /* Models Extension.swift */,
				310A873225D01C4700437522 /* ActiveSheet.swift */,
				31548B9125C71E9A00097F2F /* CoreDataProvider.swift */,
				3154A33325C8F44200E20978 /* ICDError.swift */,
				318E27E925D1388F002BE6CB /* CardsFilterEnum.swift */,
				3169014E25D8F74200B6403A /* MedicalEpisodeFilterEnum.swift */,
				31548B8A25C71A6F00097F2F /* ListFilterEnum.swift */,
			);
			path = Models;
			sourceTree = "<group>";
		};
		3175138E25D9921500C2B8CB /* JSON on disk DB */ = {
			isa = PBXGroup;
			children = (
				3154A35025C9DB4000E20978 /* icd10_codes.json */,
			);
			path = "JSON on disk DB";
			sourceTree = "<group>";
		};
		317CEA4425D4BF4B00393AD6 /* View Models */ = {
			isa = PBXGroup;
			children = (
				6A51F71A25D770650060AE35 /* PatientFormViewModel.swift */,
				6A7177FA25D73D5300C29CE9 /* WorklistViewModel.swift */,
				6A66E52525D9CC9F00C09D47 /* DiagnosisSearchViewModel.swift */,
				317CEA3D25D4157700393AD6 /* ListFormViewModel.swift */,
			);
			path = "View Models";
			sourceTree = "<group>";
		};
		317CEA4525D4BF5400393AD6 /* Views */ = {
			isa = PBXGroup;
			children = (
				3118EFFB25C60311002B3711 /* WorklistView.swift */,
				6AD71C4C25D88B6400840B6B /* WorklistActionButtons.swift */,
				6AD71C4525D88B0200840B6B /* WorklistHeaderView.swift */,
				3146972925D8C17B00CEEDFD /* MedicalEpisodeRow.swift */,
				3146971125D7A00100CEEDFD /* EmptyWorklistView.swift */,
				3118EFE925C5E398002B3711 /* WorklistNavigatorView.swift */,
				3196B5C625CE2740006A3E72 /* DataTab.swift */,
				6A54659925D9CEA300AC55A0 /* DiagnosisSearchView.swift */,
				3118F00225C608BD002B3711 /* PatientRowView.swift */,
				311CA82B25C5774700E4513A /* PatientsDBView.swift */,
				3118EFC125C59993002B3711 /* PatientFormView.swift */,
				3118F01325C615F1002B3711 /* ListRow.swift */,
				3118EFF025C5E88F002B3711 /* ListFormView.swift */,
				310996E325D6448800E0C123 /* ActFormView.swift */,
				3169014325D8DCCB00B6403A /* MedicalActRow.swift */,
				3149201325CDDEAC002D873C /* Settings.swift */,
				6AAAF5FA25D9D7AD00B77FDB /* ICDSettingsFooter.swift */,
				6A05183725CDF36100527AF1 /* UIEmptyState.swift */,
				31643EC225D63A360009BF9C /* RoomChangeView.swift */,
				315E5A5825C754D8005DB2A9 /* AnalyticsView.swift */,
				315E5A6325C754E0005DB2A9 /* BillingView.swift */,
				311C861C25C6E9F20021E596 /* PatientRowAddView.swift */,
				311C861525C6E1860021E596 /* AddPatientToListView.swift */,
			);
			path = Views;
			sourceTree = "<group>";
		};
		6A5465A025D9D03A00AC55A0 /* To Trash */ = {
			isa = PBXGroup;
			children = (
				314C9A7D25C7720800E5B9FE /* PatientRow2.swift */,
				3180F08025D0909600837FA2 /* ICDListView.swift */,
			);
			path = "To Trash";
			sourceTree = "<group>";
		};
/* End PBXGroup section */

/* Begin PBXNativeTarget section */
		311CA83125C5774800E4513A /* Kreboot (iOS) */ = {
			isa = PBXNativeTarget;
			buildConfigurationList = 311CA86025C5774900E4513A /* Build configuration list for PBXNativeTarget "Kreboot (iOS)" */;
			buildPhases = (
				311CA82E25C5774800E4513A /* Sources */,
				311CA82F25C5774800E4513A /* Frameworks */,
				311CA83025C5774800E4513A /* Resources */,
			);
			buildRules = (
			);
			dependencies = (
			);
			name = "Kreboot (iOS)";
			productName = "Kreboot (iOS)";
			productReference = 311CA83225C5774800E4513A /* Kreboot.app */;
			productType = "com.apple.product-type.application";
		};
		311CA83925C5774800E4513A /* Kreboot (macOS) */ = {
			isa = PBXNativeTarget;
			buildConfigurationList = 311CA86325C5774900E4513A /* Build configuration list for PBXNativeTarget "Kreboot (macOS)" */;
			buildPhases = (
				311CA83625C5774800E4513A /* Sources */,
				311CA83725C5774800E4513A /* Frameworks */,
				311CA83825C5774800E4513A /* Resources */,
			);
			buildRules = (
			);
			dependencies = (
			);
			name = "Kreboot (macOS)";
			productName = "Kreboot (macOS)";
			productReference = 311CA83A25C5774800E4513A /* Kreboot.app */;
			productType = "com.apple.product-type.application";
		};
		311CA84125C5774800E4513A /* Tests iOS */ = {
			isa = PBXNativeTarget;
			buildConfigurationList = 311CA86625C5774900E4513A /* Build configuration list for PBXNativeTarget "Tests iOS" */;
			buildPhases = (
				311CA83E25C5774800E4513A /* Sources */,
				311CA83F25C5774800E4513A /* Frameworks */,
				311CA84025C5774800E4513A /* Resources */,
			);
			buildRules = (
			);
			dependencies = (
				311CA84425C5774800E4513A /* PBXTargetDependency */,
			);
			name = "Tests iOS";
			productName = "Tests iOS";
			productReference = 311CA84225C5774800E4513A /* Tests iOS.xctest */;
			productType = "com.apple.product-type.bundle.ui-testing";
		};
		311CA84C25C5774800E4513A /* Tests macOS */ = {
			isa = PBXNativeTarget;
			buildConfigurationList = 311CA86925C5774900E4513A /* Build configuration list for PBXNativeTarget "Tests macOS" */;
			buildPhases = (
				311CA84925C5774800E4513A /* Sources */,
				311CA84A25C5774800E4513A /* Frameworks */,
				311CA84B25C5774800E4513A /* Resources */,
			);
			buildRules = (
			);
			dependencies = (
				311CA84F25C5774800E4513A /* PBXTargetDependency */,
			);
			name = "Tests macOS";
			productName = "Tests macOS";
			productReference = 311CA84D25C5774800E4513A /* Tests macOS.xctest */;
			productType = "com.apple.product-type.bundle.ui-testing";
		};
/* End PBXNativeTarget section */

/* Begin PBXProject section */
		311CA82325C5774700E4513A /* Project object */ = {
			isa = PBXProject;
			attributes = {
				LastSwiftUpdateCheck = 1240;
				LastUpgradeCheck = 1240;
				TargetAttributes = {
					311CA83125C5774800E4513A = {
						CreatedOnToolsVersion = 12.4;
					};
					311CA83925C5774800E4513A = {
						CreatedOnToolsVersion = 12.4;
					};
					311CA84125C5774800E4513A = {
						CreatedOnToolsVersion = 12.4;
						TestTargetID = 311CA83125C5774800E4513A;
					};
					311CA84C25C5774800E4513A = {
						CreatedOnToolsVersion = 12.4;
						TestTargetID = 311CA83925C5774800E4513A;
					};
				};
			};
			buildConfigurationList = 311CA82625C5774700E4513A /* Build configuration list for PBXProject "Kreboot" */;
			compatibilityVersion = "Xcode 9.3";
			developmentRegion = en;
			hasScannedForEncodings = 0;
			knownRegions = (
				en,
				Base,
			);
			mainGroup = 311CA82225C5774700E4513A;
			productRefGroup = 311CA83325C5774800E4513A /* Products */;
			projectDirPath = "";
			projectRoot = "";
			targets = (
				311CA83125C5774800E4513A /* Kreboot (iOS) */,
				311CA83925C5774800E4513A /* Kreboot (macOS) */,
				311CA84125C5774800E4513A /* Tests iOS */,
				311CA84C25C5774800E4513A /* Tests macOS */,
			);
		};
/* End PBXProject section */

/* Begin PBXResourcesBuildPhase section */
		311CA83025C5774800E4513A /* Resources */ = {
			isa = PBXResourcesBuildPhase;
			buildActionMask = 2147483647;
			files = (
				3196B5D125CEE7F4006A3E72 /* README in Resources */,
				3154A35125C9DB4000E20978 /* icd10_codes.json in Resources */,
				311CA85C25C5774900E4513A /* Assets.xcassets in Resources */,
			);
			runOnlyForDeploymentPostprocessing = 0;
		};
		311CA83825C5774800E4513A /* Resources */ = {
			isa = PBXResourcesBuildPhase;
			buildActionMask = 2147483647;
			files = (
				3196B5D225CEE7F4006A3E72 /* README in Resources */,
				311CA85D25C5774900E4513A /* Assets.xcassets in Resources */,
			);
			runOnlyForDeploymentPostprocessing = 0;
		};
		311CA84025C5774800E4513A /* Resources */ = {
			isa = PBXResourcesBuildPhase;
			buildActionMask = 2147483647;
			files = (
			);
			runOnlyForDeploymentPostprocessing = 0;
		};
		311CA84B25C5774800E4513A /* Resources */ = {
			isa = PBXResourcesBuildPhase;
			buildActionMask = 2147483647;
			files = (
			);
			runOnlyForDeploymentPostprocessing = 0;
		};
/* End PBXResourcesBuildPhase section */

/* Begin PBXSourcesBuildPhase section */
		311CA82E25C5774800E4513A /* Sources */ = {
			isa = PBXSourcesBuildPhase;
			buildActionMask = 2147483647;
			files = (
				3154A35825C9DB7F00E20978 /* ICDdbTable3.swift in Sources */,
				6A51F74E25D884510060AE35 /* Models Extension.swift in Sources */,
				31643EC325D63A360009BF9C /* RoomChangeView.swift in Sources */,
				3154A33A25C902D100E20978 /* ICDProvider0.swift in Sources */,
				6A51F72A25D8825A0060AE35 /* VerticalLabel.swift in Sources */,
				3118F00325C608BD002B3711 /* PatientRowView.swift in Sources */,
				311CA85625C5774900E4513A /* KrebootApp.swift in Sources */,
				3149201825CDDEAC002D873C /* ICDSettings.swift in Sources */,
				6A7177FB25D73D5300C29CE9 /* WorklistViewModel.swift in Sources */,
				3146970825D79B2C00CEEDFD /* CheckmarkToggleStyle.swift in Sources */,
				6A54659325D9CE6D00AC55A0 /* BoolNegation.swift in Sources */,
				3154A33425C8F44200E20978 /* ICDError.swift in Sources */,
				6A51F71B25D770650060AE35 /* PatientFormViewModel.swift in Sources */,
				315E5A6425C754E0005DB2A9 /* BillingView.swift in Sources */,
				314C9A7E25C7720800E5B9FE /* PatientRow2.swift in Sources */,
				3149201725CDDEAC002D873C /* Settings.swift in Sources */,
				3149201925CDDEAC002D873C /* Karla Protocols.swift in Sources */,
				310996E425D6448800E0C123 /* ActFormView.swift in Sources */,
				6A66E52625D9CC9F00C09D47 /* DiagnosisSearchViewModel.swift in Sources */,
				3118EFC225C59993002B3711 /* PatientFormView.swift in Sources */,
				31548B9225C71E9A00097F2F /* CoreDataProvider.swift in Sources */,
				311CA85A25C5774900E4513A /* Persistence.swift in Sources */,
				6A51F73C25D883A70060AE35 /* Karla Preexisting values.swift in Sources */,
				6A51F74825D884330060AE35 /* Extensions customs.swift in Sources */,
				311C861625C6E1860021E596 /* AddPatientToListView.swift in Sources */,
				3169014F25D8F74200B6403A /* MedicalEpisodeFilterEnum.swift in Sources */,
				3154A35925C9DB7F00E20978 /* ICDProvider3.swift in Sources */,
				6A51F74225D883EF0060AE35 /* ScrollChoice.swift in Sources */,
				3129D75D25D55B18000EAA5C /* TestView1.swift in Sources */,
				3118EFEA25C5E398002B3711 /* WorklistNavigatorView.swift in Sources */,
				3149201625CDDEAC002D873C /* Button modifiers.swift in Sources */,
				6A05183825CDF36100527AF1 /* UIEmptyState.swift in Sources */,
				3169014425D8DCCB00B6403A /* MedicalActRow.swift in Sources */,
				3149200C25CB136B002D873C /* HelperFunctions.swift in Sources */,
				6AD71C4625D88B0200840B6B /* WorklistHeaderView.swift in Sources */,
				317CEA3E25D4157700393AD6 /* ListFormViewModel.swift in Sources */,
				3146972A25D8C17B00CEEDFD /* MedicalEpisodeRow.swift in Sources */,
				311C862425C6F94A0021E596 /* SearchBar.swift in Sources */,
				3154A34425C95BD000E20978 /* ICDProvider2.swift in Sources */,
				3118EFF125C5E88F002B3711 /* ListFormView.swift in Sources */,
				311CA85425C5774900E4513A /* Kreboot.xcdatamodeld in Sources */,
				315E5A5925C754D8005DB2A9 /* AnalyticsView.swift in Sources */,
				318E27EA25D1388F002BE6CB /* CardsFilterEnum.swift in Sources */,
				3180F08125D0909600837FA2 /* ICDListView.swift in Sources */,
				3146970225D79A8000CEEDFD /* TrlnClsrBadge.swift in Sources */,
				6AD71C4D25D88B6400840B6B /* WorklistActionButtons.swift in Sources */,
				3196B5C725CE2740006A3E72 /* DataTab.swift in Sources */,
				31548B8B25C71A6F00097F2F /* ListFilterEnum.swift in Sources */,
				31643EBD25D622680009BF9C /* PopupView.swift in Sources */,
				3146971225D7A00100CEEDFD /* EmptyWorklistView.swift in Sources */,
				3118F01425C615F1002B3711 /* ListRow.swift in Sources */,
				6A54659A25D9CEA300AC55A0 /* DiagnosisSearchView.swift in Sources */,
				311CA85825C5774900E4513A /* PatientsDBView.swift in Sources */,
				311C861D25C6E9F20021E596 /* PatientRowAddView.swift in Sources */,
				3173664425D97B5300237668 /* NSPredicate+KeyPath+Operators.swift in Sources */,
				3118EFFC25C60311002B3711 /* WorklistView.swift in Sources */,
				3154A32825C8F2C600E20978 /* ICDdbTable2.swift in Sources */,
				310A873325D01C4700437522 /* ActiveSheet.swift in Sources */,
				31015B3925C9E426006D843D /* ICDDataBridge.swift in Sources */,
				3154A32E25C8F34400E20978 /* ICD10Code.swift in Sources */,
				6AAAF5FB25D9D7AD00B77FDB /* ICDSettingsFooter.swift in Sources */,
				3146971825D7A18D00CEEDFD /* Custom colors.swift in Sources */,
			);
			runOnlyForDeploymentPostprocessing = 0;
		};
		311CA83625C5774800E4513A /* Sources */ = {
			isa = PBXSourcesBuildPhase;
			buildActionMask = 2147483647;
			files = (
				3118F00425C608BD002B3711 /* PatientRowView.swift in Sources */,
				3169014525D8DCCB00B6403A /* MedicalActRow.swift in Sources */,
				311CA85725C5774900E4513A /* KrebootApp.swift in Sources */,
				3173664525D97B5300237668 /* NSPredicate+KeyPath+Operators.swift in Sources */,
				6A54659B25D9CEA300AC55A0 /* DiagnosisSearchView.swift in Sources */,
				315E5A6525C754E0005DB2A9 /* BillingView.swift in Sources */,
				314C9A7F25C7720800E5B9FE /* PatientRow2.swift in Sources */,
				3118EFC325C59993002B3711 /* PatientFormView.swift in Sources */,
				311CA85B25C5774900E4513A /* Persistence.swift in Sources */,
				3146972B25D8C17B00CEEDFD /* MedicalEpisodeRow.swift in Sources */,
				6AD71C4725D88B0200840B6B /* WorklistHeaderView.swift in Sources */,
				311C861725C6E1860021E596 /* AddPatientToListView.swift in Sources */,
				310A873425D01C4700437522 /* ActiveSheet.swift in Sources */,
				3118EFEB25C5E398002B3711 /* WorklistNavigatorView.swift in Sources */,
				3169015025D8F74200B6403A /* MedicalEpisodeFilterEnum.swift in Sources */,
				6A54659425D9CE6D00AC55A0 /* BoolNegation.swift in Sources */,
				3118EFF225C5E88F002B3711 /* ListFormView.swift in Sources */,
				318E27EB25D1388F002BE6CB /* CardsFilterEnum.swift in Sources */,
				6AD71C4E25D88B6400840B6B /* WorklistActionButtons.swift in Sources */,
				6A7177FC25D73D5300C29CE9 /* WorklistViewModel.swift in Sources */,
				6A51F71125D74E040060AE35 /* CoreDataProvider.swift in Sources */,
				310996E525D6448800E0C123 /* ActFormView.swift in Sources */,
				311CA85525C5774900E4513A /* Kreboot.xcdatamodeld in Sources */,
				3169012725D8CDE700B6403A /* ICDListView.swift in Sources */,
				315E5A5A25C754D8005DB2A9 /* AnalyticsView.swift in Sources */,
				31548B8C25C71A6F00097F2F /* ListFilterEnum.swift in Sources */,
				3118F01525C615F1002B3711 /* ListRow.swift in Sources */,
				6A51F71C25D770650060AE35 /* PatientFormViewModel.swift in Sources */,
				311CA85925C5774900E4513A /* PatientsDBView.swift in Sources */,
				311C861E25C6E9F20021E596 /* PatientRowAddView.swift in Sources */,
				3118EFFD25C60311002B3711 /* WorklistView.swift in Sources */,
				317CEA3F25D4157700393AD6 /* ListFormViewModel.swift in Sources */,
				6A66E52725D9CC9F00C09D47 /* DiagnosisSearchViewModel.swift in Sources */,
			);
			runOnlyForDeploymentPostprocessing = 0;
		};
		311CA83E25C5774800E4513A /* Sources */ = {
			isa = PBXSourcesBuildPhase;
			buildActionMask = 2147483647;
			files = (
				311CA84725C5774800E4513A /* Tests_iOS.swift in Sources */,
			);
			runOnlyForDeploymentPostprocessing = 0;
		};
		311CA84925C5774800E4513A /* Sources */ = {
			isa = PBXSourcesBuildPhase;
			buildActionMask = 2147483647;
			files = (
				311CA85225C5774900E4513A /* Tests_macOS.swift in Sources */,
			);
			runOnlyForDeploymentPostprocessing = 0;
		};
/* End PBXSourcesBuildPhase section */

/* Begin PBXTargetDependency section */
		311CA84425C5774800E4513A /* PBXTargetDependency */ = {
			isa = PBXTargetDependency;
			target = 311CA83125C5774800E4513A /* Kreboot (iOS) */;
			targetProxy = 311CA84325C5774800E4513A /* PBXContainerItemProxy */;
		};
		311CA84F25C5774800E4513A /* PBXTargetDependency */ = {
			isa = PBXTargetDependency;
			target = 311CA83925C5774800E4513A /* Kreboot (macOS) */;
			targetProxy = 311CA84E25C5774800E4513A /* PBXContainerItemProxy */;
		};
/* End PBXTargetDependency section */

/* Begin XCBuildConfiguration section */
		311CA85E25C5774900E4513A /* Debug */ = {
			isa = XCBuildConfiguration;
			buildSettings = {
				ALWAYS_SEARCH_USER_PATHS = NO;
				CLANG_ANALYZER_NONNULL = YES;
				CLANG_ANALYZER_NUMBER_OBJECT_CONVERSION = YES_AGGRESSIVE;
				CLANG_CXX_LANGUAGE_STANDARD = "gnu++14";
				CLANG_CXX_LIBRARY = "libc++";
				CLANG_ENABLE_MODULES = YES;
				CLANG_ENABLE_OBJC_ARC = YES;
				CLANG_ENABLE_OBJC_WEAK = YES;
				CLANG_WARN_BLOCK_CAPTURE_AUTORELEASING = YES;
				CLANG_WARN_BOOL_CONVERSION = YES;
				CLANG_WARN_COMMA = YES;
				CLANG_WARN_CONSTANT_CONVERSION = YES;
				CLANG_WARN_DEPRECATED_OBJC_IMPLEMENTATIONS = YES;
				CLANG_WARN_DIRECT_OBJC_ISA_USAGE = YES_ERROR;
				CLANG_WARN_DOCUMENTATION_COMMENTS = YES;
				CLANG_WARN_EMPTY_BODY = YES;
				CLANG_WARN_ENUM_CONVERSION = YES;
				CLANG_WARN_INFINITE_RECURSION = YES;
				CLANG_WARN_INT_CONVERSION = YES;
				CLANG_WARN_NON_LITERAL_NULL_CONVERSION = YES;
				CLANG_WARN_OBJC_IMPLICIT_RETAIN_SELF = YES;
				CLANG_WARN_OBJC_LITERAL_CONVERSION = YES;
				CLANG_WARN_OBJC_ROOT_CLASS = YES_ERROR;
				CLANG_WARN_QUOTED_INCLUDE_IN_FRAMEWORK_HEADER = YES;
				CLANG_WARN_RANGE_LOOP_ANALYSIS = YES;
				CLANG_WARN_STRICT_PROTOTYPES = YES;
				CLANG_WARN_SUSPICIOUS_MOVE = YES;
				CLANG_WARN_UNGUARDED_AVAILABILITY = YES_AGGRESSIVE;
				CLANG_WARN_UNREACHABLE_CODE = YES;
				CLANG_WARN__DUPLICATE_METHOD_MATCH = YES;
				COPY_PHASE_STRIP = NO;
				DEBUG_INFORMATION_FORMAT = dwarf;
				ENABLE_STRICT_OBJC_MSGSEND = YES;
				ENABLE_TESTABILITY = YES;
				GCC_C_LANGUAGE_STANDARD = gnu11;
				GCC_DYNAMIC_NO_PIC = NO;
				GCC_NO_COMMON_BLOCKS = YES;
				GCC_OPTIMIZATION_LEVEL = 0;
				GCC_PREPROCESSOR_DEFINITIONS = (
					"DEBUG=1",
					"$(inherited)",
				);
				GCC_WARN_64_TO_32_BIT_CONVERSION = YES;
				GCC_WARN_ABOUT_RETURN_TYPE = YES_ERROR;
				GCC_WARN_UNDECLARED_SELECTOR = YES;
				GCC_WARN_UNINITIALIZED_AUTOS = YES_AGGRESSIVE;
				GCC_WARN_UNUSED_FUNCTION = YES;
				GCC_WARN_UNUSED_VARIABLE = YES;
				MTL_ENABLE_DEBUG_INFO = INCLUDE_SOURCE;
				MTL_FAST_MATH = YES;
				ONLY_ACTIVE_ARCH = YES;
				SWIFT_ACTIVE_COMPILATION_CONDITIONS = DEBUG;
				SWIFT_OPTIMIZATION_LEVEL = "-Onone";
			};
			name = Debug;
		};
		311CA85F25C5774900E4513A /* Release */ = {
			isa = XCBuildConfiguration;
			buildSettings = {
				ALWAYS_SEARCH_USER_PATHS = NO;
				CLANG_ANALYZER_NONNULL = YES;
				CLANG_ANALYZER_NUMBER_OBJECT_CONVERSION = YES_AGGRESSIVE;
				CLANG_CXX_LANGUAGE_STANDARD = "gnu++14";
				CLANG_CXX_LIBRARY = "libc++";
				CLANG_ENABLE_MODULES = YES;
				CLANG_ENABLE_OBJC_ARC = YES;
				CLANG_ENABLE_OBJC_WEAK = YES;
				CLANG_WARN_BLOCK_CAPTURE_AUTORELEASING = YES;
				CLANG_WARN_BOOL_CONVERSION = YES;
				CLANG_WARN_COMMA = YES;
				CLANG_WARN_CONSTANT_CONVERSION = YES;
				CLANG_WARN_DEPRECATED_OBJC_IMPLEMENTATIONS = YES;
				CLANG_WARN_DIRECT_OBJC_ISA_USAGE = YES_ERROR;
				CLANG_WARN_DOCUMENTATION_COMMENTS = YES;
				CLANG_WARN_EMPTY_BODY = YES;
				CLANG_WARN_ENUM_CONVERSION = YES;
				CLANG_WARN_INFINITE_RECURSION = YES;
				CLANG_WARN_INT_CONVERSION = YES;
				CLANG_WARN_NON_LITERAL_NULL_CONVERSION = YES;
				CLANG_WARN_OBJC_IMPLICIT_RETAIN_SELF = YES;
				CLANG_WARN_OBJC_LITERAL_CONVERSION = YES;
				CLANG_WARN_OBJC_ROOT_CLASS = YES_ERROR;
				CLANG_WARN_QUOTED_INCLUDE_IN_FRAMEWORK_HEADER = YES;
				CLANG_WARN_RANGE_LOOP_ANALYSIS = YES;
				CLANG_WARN_STRICT_PROTOTYPES = YES;
				CLANG_WARN_SUSPICIOUS_MOVE = YES;
				CLANG_WARN_UNGUARDED_AVAILABILITY = YES_AGGRESSIVE;
				CLANG_WARN_UNREACHABLE_CODE = YES;
				CLANG_WARN__DUPLICATE_METHOD_MATCH = YES;
				COPY_PHASE_STRIP = NO;
				DEBUG_INFORMATION_FORMAT = "dwarf-with-dsym";
				ENABLE_NS_ASSERTIONS = NO;
				ENABLE_STRICT_OBJC_MSGSEND = YES;
				GCC_C_LANGUAGE_STANDARD = gnu11;
				GCC_NO_COMMON_BLOCKS = YES;
				GCC_WARN_64_TO_32_BIT_CONVERSION = YES;
				GCC_WARN_ABOUT_RETURN_TYPE = YES_ERROR;
				GCC_WARN_UNDECLARED_SELECTOR = YES;
				GCC_WARN_UNINITIALIZED_AUTOS = YES_AGGRESSIVE;
				GCC_WARN_UNUSED_FUNCTION = YES;
				GCC_WARN_UNUSED_VARIABLE = YES;
				MTL_ENABLE_DEBUG_INFO = NO;
				MTL_FAST_MATH = YES;
				SWIFT_COMPILATION_MODE = wholemodule;
				SWIFT_OPTIMIZATION_LEVEL = "-O";
			};
			name = Release;
		};
		311CA86125C5774900E4513A /* Debug */ = {
			isa = XCBuildConfiguration;
			buildSettings = {
				ASSETCATALOG_COMPILER_APPICON_NAME = AppIcon;
				ASSETCATALOG_COMPILER_GLOBAL_ACCENT_COLOR_NAME = AccentColor;
				CODE_SIGN_STYLE = Automatic;
				DEVELOPMENT_TEAM = 6365P5X875;
				ENABLE_PREVIEWS = YES;
				INFOPLIST_FILE = iOS/Info.plist;
				IPHONEOS_DEPLOYMENT_TARGET = 14.0;
				LD_RUNPATH_SEARCH_PATHS = (
					"$(inherited)",
					"@executable_path/Frameworks",
				);
				PRODUCT_BUNDLE_IDENTIFIER = Ursularium.Kreboot;
				PRODUCT_NAME = Kreboot;
				SDKROOT = iphoneos;
				SWIFT_VERSION = 5.0;
				TARGETED_DEVICE_FAMILY = "1,2";
			};
			name = Debug;
		};
		311CA86225C5774900E4513A /* Release */ = {
			isa = XCBuildConfiguration;
			buildSettings = {
				ASSETCATALOG_COMPILER_APPICON_NAME = AppIcon;
				ASSETCATALOG_COMPILER_GLOBAL_ACCENT_COLOR_NAME = AccentColor;
				CODE_SIGN_STYLE = Automatic;
				DEVELOPMENT_TEAM = 6365P5X875;
				ENABLE_PREVIEWS = YES;
				INFOPLIST_FILE = iOS/Info.plist;
				IPHONEOS_DEPLOYMENT_TARGET = 14.0;
				LD_RUNPATH_SEARCH_PATHS = (
					"$(inherited)",
					"@executable_path/Frameworks",
				);
				PRODUCT_BUNDLE_IDENTIFIER = Ursularium.Kreboot;
				PRODUCT_NAME = Kreboot;
				SDKROOT = iphoneos;
				SWIFT_VERSION = 5.0;
				TARGETED_DEVICE_FAMILY = "1,2";
				VALIDATE_PRODUCT = YES;
			};
			name = Release;
		};
		311CA86425C5774900E4513A /* Debug */ = {
			isa = XCBuildConfiguration;
			buildSettings = {
				ASSETCATALOG_COMPILER_APPICON_NAME = AppIcon;
				ASSETCATALOG_COMPILER_GLOBAL_ACCENT_COLOR_NAME = AccentColor;
				CODE_SIGN_ENTITLEMENTS = macOS/macOS.entitlements;
				CODE_SIGN_STYLE = Automatic;
				COMBINE_HIDPI_IMAGES = YES;
				DEVELOPMENT_TEAM = 6365P5X875;
				ENABLE_HARDENED_RUNTIME = YES;
				ENABLE_PREVIEWS = YES;
				INFOPLIST_FILE = macOS/Info.plist;
				LD_RUNPATH_SEARCH_PATHS = (
					"$(inherited)",
					"@executable_path/../Frameworks",
				);
				MACOSX_DEPLOYMENT_TARGET = 11.0;
				PRODUCT_BUNDLE_IDENTIFIER = Ursularium.Kreboot;
				PRODUCT_NAME = Kreboot;
				SDKROOT = macosx;
				SWIFT_VERSION = 5.0;
			};
			name = Debug;
		};
		311CA86525C5774900E4513A /* Release */ = {
			isa = XCBuildConfiguration;
			buildSettings = {
				ASSETCATALOG_COMPILER_APPICON_NAME = AppIcon;
				ASSETCATALOG_COMPILER_GLOBAL_ACCENT_COLOR_NAME = AccentColor;
				CODE_SIGN_ENTITLEMENTS = macOS/macOS.entitlements;
				CODE_SIGN_STYLE = Automatic;
				COMBINE_HIDPI_IMAGES = YES;
				DEVELOPMENT_TEAM = 6365P5X875;
				ENABLE_HARDENED_RUNTIME = YES;
				ENABLE_PREVIEWS = YES;
				INFOPLIST_FILE = macOS/Info.plist;
				LD_RUNPATH_SEARCH_PATHS = (
					"$(inherited)",
					"@executable_path/../Frameworks",
				);
				MACOSX_DEPLOYMENT_TARGET = 11.0;
				PRODUCT_BUNDLE_IDENTIFIER = Ursularium.Kreboot;
				PRODUCT_NAME = Kreboot;
				SDKROOT = macosx;
				SWIFT_VERSION = 5.0;
			};
			name = Release;
		};
		311CA86725C5774900E4513A /* Debug */ = {
			isa = XCBuildConfiguration;
			buildSettings = {
				ALWAYS_EMBED_SWIFT_STANDARD_LIBRARIES = YES;
				CODE_SIGN_STYLE = Automatic;
				DEVELOPMENT_TEAM = 6365P5X875;
				INFOPLIST_FILE = "Tests iOS/Info.plist";
				IPHONEOS_DEPLOYMENT_TARGET = 14.4;
				LD_RUNPATH_SEARCH_PATHS = (
					"$(inherited)",
					"@executable_path/Frameworks",
					"@loader_path/Frameworks",
				);
				PRODUCT_BUNDLE_IDENTIFIER = "Ursularium.Tests-iOS";
				PRODUCT_NAME = "$(TARGET_NAME)";
				SDKROOT = iphoneos;
				SWIFT_VERSION = 5.0;
				TARGETED_DEVICE_FAMILY = "1,2";
				TEST_TARGET_NAME = "Kreboot (iOS)";
			};
			name = Debug;
		};
		311CA86825C5774900E4513A /* Release */ = {
			isa = XCBuildConfiguration;
			buildSettings = {
				ALWAYS_EMBED_SWIFT_STANDARD_LIBRARIES = YES;
				CODE_SIGN_STYLE = Automatic;
				DEVELOPMENT_TEAM = 6365P5X875;
				INFOPLIST_FILE = "Tests iOS/Info.plist";
				IPHONEOS_DEPLOYMENT_TARGET = 14.4;
				LD_RUNPATH_SEARCH_PATHS = (
					"$(inherited)",
					"@executable_path/Frameworks",
					"@loader_path/Frameworks",
				);
				PRODUCT_BUNDLE_IDENTIFIER = "Ursularium.Tests-iOS";
				PRODUCT_NAME = "$(TARGET_NAME)";
				SDKROOT = iphoneos;
				SWIFT_VERSION = 5.0;
				TARGETED_DEVICE_FAMILY = "1,2";
				TEST_TARGET_NAME = "Kreboot (iOS)";
				VALIDATE_PRODUCT = YES;
			};
			name = Release;
		};
		311CA86A25C5774900E4513A /* Debug */ = {
			isa = XCBuildConfiguration;
			buildSettings = {
				ALWAYS_EMBED_SWIFT_STANDARD_LIBRARIES = YES;
				CODE_SIGN_STYLE = Automatic;
				COMBINE_HIDPI_IMAGES = YES;
				DEVELOPMENT_TEAM = 6365P5X875;
				INFOPLIST_FILE = "Tests macOS/Info.plist";
				LD_RUNPATH_SEARCH_PATHS = (
					"$(inherited)",
					"@executable_path/../Frameworks",
					"@loader_path/../Frameworks",
				);
				MACOSX_DEPLOYMENT_TARGET = 11.1;
				PRODUCT_BUNDLE_IDENTIFIER = "Ursularium.Tests-macOS";
				PRODUCT_NAME = "$(TARGET_NAME)";
				SDKROOT = macosx;
				SWIFT_VERSION = 5.0;
				TEST_TARGET_NAME = "Kreboot (macOS)";
			};
			name = Debug;
		};
		311CA86B25C5774900E4513A /* Release */ = {
			isa = XCBuildConfiguration;
			buildSettings = {
				ALWAYS_EMBED_SWIFT_STANDARD_LIBRARIES = YES;
				CODE_SIGN_STYLE = Automatic;
				COMBINE_HIDPI_IMAGES = YES;
				DEVELOPMENT_TEAM = 6365P5X875;
				INFOPLIST_FILE = "Tests macOS/Info.plist";
				LD_RUNPATH_SEARCH_PATHS = (
					"$(inherited)",
					"@executable_path/../Frameworks",
					"@loader_path/../Frameworks",
				);
				MACOSX_DEPLOYMENT_TARGET = 11.1;
				PRODUCT_BUNDLE_IDENTIFIER = "Ursularium.Tests-macOS";
				PRODUCT_NAME = "$(TARGET_NAME)";
				SDKROOT = macosx;
				SWIFT_VERSION = 5.0;
				TEST_TARGET_NAME = "Kreboot (macOS)";
			};
			name = Release;
		};
/* End XCBuildConfiguration section */

/* Begin XCConfigurationList section */
		311CA82625C5774700E4513A /* Build configuration list for PBXProject "Kreboot" */ = {
			isa = XCConfigurationList;
			buildConfigurations = (
				311CA85E25C5774900E4513A /* Debug */,
				311CA85F25C5774900E4513A /* Release */,
			);
			defaultConfigurationIsVisible = 0;
			defaultConfigurationName = Release;
		};
		311CA86025C5774900E4513A /* Build configuration list for PBXNativeTarget "Kreboot (iOS)" */ = {
			isa = XCConfigurationList;
			buildConfigurations = (
				311CA86125C5774900E4513A /* Debug */,
				311CA86225C5774900E4513A /* Release */,
			);
			defaultConfigurationIsVisible = 0;
			defaultConfigurationName = Release;
		};
		311CA86325C5774900E4513A /* Build configuration list for PBXNativeTarget "Kreboot (macOS)" */ = {
			isa = XCConfigurationList;
			buildConfigurations = (
				311CA86425C5774900E4513A /* Debug */,
				311CA86525C5774900E4513A /* Release */,
			);
			defaultConfigurationIsVisible = 0;
			defaultConfigurationName = Release;
		};
		311CA86625C5774900E4513A /* Build configuration list for PBXNativeTarget "Tests iOS" */ = {
			isa = XCConfigurationList;
			buildConfigurations = (
				311CA86725C5774900E4513A /* Debug */,
				311CA86825C5774900E4513A /* Release */,
			);
			defaultConfigurationIsVisible = 0;
			defaultConfigurationName = Release;
		};
		311CA86925C5774900E4513A /* Build configuration list for PBXNativeTarget "Tests macOS" */ = {
			isa = XCConfigurationList;
			buildConfigurations = (
				311CA86A25C5774900E4513A /* Debug */,
				311CA86B25C5774900E4513A /* Release */,
			);
			defaultConfigurationIsVisible = 0;
			defaultConfigurationName = Release;
		};
/* End XCConfigurationList section */

/* Begin XCVersionGroup section */
		311CA82825C5774700E4513A /* Kreboot.xcdatamodeld */ = {
			isa = XCVersionGroup;
			children = (
				311CA82925C5774700E4513A /* Shared.xcdatamodel */,
			);
			currentVersion = 311CA82925C5774700E4513A /* Shared.xcdatamodel */;
			path = Kreboot.xcdatamodeld;
			sourceTree = "<group>";
			versionGroupType = wrapper.xcdatamodel;
		};
/* End XCVersionGroup section */
	};
	rootObject = 311CA82325C5774700E4513A /* Project object */;
}
